
Microsoft Visual Studio Solution File, Format Version 12.00
# Visual Studio Version 17
VisualStudioVersion = 17.0.31903.59
MinimumVisualStudioVersion = 10.0.40219.1
Project("{2150E333-8FDC-42A3-9474-1A3956D46DE8}") = "src", "src", "{18BAA5B9-4136-48E3-BB5B-95C3EB50E4B3}"
EndProject
Project("{FAE04EC0-301F-11D3-BF4B-00C04F79EFBC}") = "AuctionService", "src\AuctionService\AuctionService.csproj", "{C21BE478-EAE9-4ABF-A272-D60B50FAA50F}"
EndProject
Project("{FAE04EC0-301F-11D3-BF4B-00C04F79EFBC}") = "SearchService", "src\SearchService\SearchService.csproj", "{5775E8E9-3F56-40D4-ABC4-5D53DCA15936}"
EndProject
Project("{FAE04EC0-301F-11D3-BF4B-00C04F79EFBC}") = "Contracts", "src\Contracts\Contracts.csproj", "{E6FF4B0A-7A7C-47F6-9DEC-A0CBF1E8D200}"
EndProject
Project("{FAE04EC0-301F-11D3-BF4B-00C04F79EFBC}") = "IdentityService", "src\IdentityService\IdentityService.csproj", "{9D1A369B-2916-42A6-81A2-AE224232AD1D}"
EndProject
Global
	GlobalSection(SolutionConfigurationPlatforms) = preSolution
		Debug|Any CPU = Debug|Any CPU
		Release|Any CPU = Release|Any CPU
	EndGlobalSection
	GlobalSection(SolutionProperties) = preSolution
		HideSolutionNode = FALSE
	EndGlobalSection
	GlobalSection(ProjectConfigurationPlatforms) = postSolution
		{C21BE478-EAE9-4ABF-A272-D60B50FAA50F}.Debug|Any CPU.ActiveCfg = Debug|Any CPU
		{C21BE478-EAE9-4ABF-A272-D60B50FAA50F}.Debug|Any CPU.Build.0 = Debug|Any CPU
		{C21BE478-EAE9-4ABF-A272-D60B50FAA50F}.Release|Any CPU.ActiveCfg = Release|Any CPU
		{C21BE478-EAE9-4ABF-A272-D60B50FAA50F}.Release|Any CPU.Build.0 = Release|Any CPU
		{5775E8E9-3F56-40D4-ABC4-5D53DCA15936}.Debug|Any CPU.ActiveCfg = Debug|Any CPU
		{5775E8E9-3F56-40D4-ABC4-5D53DCA15936}.Debug|Any CPU.Build.0 = Debug|Any CPU
		{5775E8E9-3F56-40D4-ABC4-5D53DCA15936}.Release|Any CPU.ActiveCfg = Release|Any CPU
		{5775E8E9-3F56-40D4-ABC4-5D53DCA15936}.Release|Any CPU.Build.0 = Release|Any CPU
		{E6FF4B0A-7A7C-47F6-9DEC-A0CBF1E8D200}.Debug|Any CPU.ActiveCfg = Debug|Any CPU
		{E6FF4B0A-7A7C-47F6-9DEC-A0CBF1E8D200}.Debug|Any CPU.Build.0 = Debug|Any CPU
		{E6FF4B0A-7A7C-47F6-9DEC-A0CBF1E8D200}.Release|Any CPU.ActiveCfg = Release|Any CPU
		{E6FF4B0A-7A7C-47F6-9DEC-A0CBF1E8D200}.Release|Any CPU.Build.0 = Release|Any CPU
		{9D1A369B-2916-42A6-81A2-AE224232AD1D}.Debug|Any CPU.ActiveCfg = Debug|Any CPU
		{9D1A369B-2916-42A6-81A2-AE224232AD1D}.Debug|Any CPU.Build.0 = Debug|Any CPU
		{9D1A369B-2916-42A6-81A2-AE224232AD1D}.Release|Any CPU.ActiveCfg = Release|Any CPU
		{9D1A369B-2916-42A6-81A2-AE224232AD1D}.Release|Any CPU.Build.0 = Release|Any CPU
	EndGlobalSection
	GlobalSection(NestedProjects) = preSolution
		{C21BE478-EAE9-4ABF-A272-D60B50FAA50F} = {18BAA5B9-4136-48E3-BB5B-95C3EB50E4B3}
		{5775E8E9-3F56-40D4-ABC4-5D53DCA15936} = {18BAA5B9-4136-48E3-BB5B-95C3EB50E4B3}
		{E6FF4B0A-7A7C-47F6-9DEC-A0CBF1E8D200} = {18BAA5B9-4136-48E3-BB5B-95C3EB50E4B3}
		{9D1A369B-2916-42A6-81A2-AE224232AD1D} = {18BAA5B9-4136-48E3-BB5B-95C3EB50E4B3}
	EndGlobalSection
EndGlobal
